
Microsoft Visual Studio Solution File, Format Version 12.00
# Visual Studio 15
VisualStudioVersion = 15.0.26124.0
MinimumVisualStudioVersion = 15.0.26124.0
Project("{FAE04EC0-301F-11D3-BF4B-00C04F79EFBC}") = "MiSmart.API", "MiSmart.API\MiSmart.API.csproj", "{61F825D4-2F68-4AFC-8AA1-0A3BB199B934}"
EndProject
Project("{FAE04EC0-301F-11D3-BF4B-00C04F79EFBC}") = "MiSmart.DAL", "MiSmart.DAL\MiSmart.DAL.csproj", "{149EAA77-BE15-482A-B55C-0476945F63F1}"
EndProject
Project("{FAE04EC0-301F-11D3-BF4B-00C04F79EFBC}") = "MiSmart.Infrastructure", "MiSmart.Infrastructure\MiSmart.Infrastructure.csproj", "{7ED38721-9188-408B-BCC3-07518F35E418}"
EndProject
Project("{FAE04EC0-301F-11D3-BF4B-00C04F79EFBC}") = "MiSmart.Tests", "MiSmart.Tests\MiSmart.Tests.csproj", "{BE3E0949-0430-421B-855A-0F9C1E48810C}"
EndProject
Global
	GlobalSection(SolutionConfigurationPlatforms) = preSolution
		Debug|Any CPU = Debug|Any CPU
		Debug|x64 = Debug|x64
		Debug|x86 = Debug|x86
		Release|Any CPU = Release|Any CPU
		Release|x64 = Release|x64
		Release|x86 = Release|x86
	EndGlobalSection
	GlobalSection(SolutionProperties) = preSolution
		HideSolutionNode = FALSE
	EndGlobalSection
	GlobalSection(ProjectConfigurationPlatforms) = postSolution
		{61F825D4-2F68-4AFC-8AA1-0A3BB199B934}.Debug|Any CPU.ActiveCfg = Debug|Any CPU
		{61F825D4-2F68-4AFC-8AA1-0A3BB199B934}.Debug|Any CPU.Build.0 = Debug|Any CPU
		{61F825D4-2F68-4AFC-8AA1-0A3BB199B934}.Debug|x64.ActiveCfg = Debug|Any CPU
		{61F825D4-2F68-4AFC-8AA1-0A3BB199B934}.Debug|x64.Build.0 = Debug|Any CPU
		{61F825D4-2F68-4AFC-8AA1-0A3BB199B934}.Debug|x86.ActiveCfg = Debug|Any CPU
		{61F825D4-2F68-4AFC-8AA1-0A3BB199B934}.Debug|x86.Build.0 = Debug|Any CPU
		{61F825D4-2F68-4AFC-8AA1-0A3BB199B934}.Release|Any CPU.ActiveCfg = Release|Any CPU
		{61F825D4-2F68-4AFC-8AA1-0A3BB199B934}.Release|Any CPU.Build.0 = Release|Any CPU
		{61F825D4-2F68-4AFC-8AA1-0A3BB199B934}.Release|x64.ActiveCfg = Release|Any CPU
		{61F825D4-2F68-4AFC-8AA1-0A3BB199B934}.Release|x64.Build.0 = Release|Any CPU
		{61F825D4-2F68-4AFC-8AA1-0A3BB199B934}.Release|x86.ActiveCfg = Release|Any CPU
		{61F825D4-2F68-4AFC-8AA1-0A3BB199B934}.Release|x86.Build.0 = Release|Any CPU
		{149EAA77-BE15-482A-B55C-0476945F63F1}.Debug|Any CPU.ActiveCfg = Debug|Any CPU
		{149EAA77-BE15-482A-B55C-0476945F63F1}.Debug|Any CPU.Build.0 = Debug|Any CPU
		{149EAA77-BE15-482A-B55C-0476945F63F1}.Debug|x64.ActiveCfg = Debug|Any CPU
		{149EAA77-BE15-482A-B55C-0476945F63F1}.Debug|x64.Build.0 = Debug|Any CPU
		{149EAA77-BE15-482A-B55C-0476945F63F1}.Debug|x86.ActiveCfg = Debug|Any CPU
		{149EAA77-BE15-482A-B55C-0476945F63F1}.Debug|x86.Build.0 = Debug|Any CPU
		{149EAA77-BE15-482A-B55C-0476945F63F1}.Release|Any CPU.ActiveCfg = Release|Any CPU
		{149EAA77-BE15-482A-B55C-0476945F63F1}.Release|Any CPU.Build.0 = Release|Any CPU
		{149EAA77-BE15-482A-B55C-0476945F63F1}.Release|x64.ActiveCfg = Release|Any CPU
		{149EAA77-BE15-482A-B55C-0476945F63F1}.Release|x64.Build.0 = Release|Any CPU
		{149EAA77-BE15-482A-B55C-0476945F63F1}.Release|x86.ActiveCfg = Release|Any CPU
		{149EAA77-BE15-482A-B55C-0476945F63F1}.Release|x86.Build.0 = Release|Any CPU
		{7ED38721-9188-408B-BCC3-07518F35E418}.Debug|Any CPU.ActiveCfg = Debug|Any CPU
		{7ED38721-9188-408B-BCC3-07518F35E418}.Debug|Any CPU.Build.0 = Debug|Any CPU
		{7ED38721-9188-408B-BCC3-07518F35E418}.Debug|x64.ActiveCfg = Debug|Any CPU
		{7ED38721-9188-408B-BCC3-07518F35E418}.Debug|x64.Build.0 = Debug|Any CPU
		{7ED38721-9188-408B-BCC3-07518F35E418}.Debug|x86.ActiveCfg = Debug|Any CPU
		{7ED38721-9188-408B-BCC3-07518F35E418}.Debug|x86.Build.0 = Debug|Any CPU
		{7ED38721-9188-408B-BCC3-07518F35E418}.Release|Any CPU.ActiveCfg = Release|Any CPU
		{7ED38721-9188-408B-BCC3-07518F35E418}.Release|Any CPU.Build.0 = Release|Any CPU
		{7ED38721-9188-408B-BCC3-07518F35E418}.Release|x64.ActiveCfg = Release|Any CPU
		{7ED38721-9188-408B-BCC3-07518F35E418}.Release|x64.Build.0 = Release|Any CPU
		{7ED38721-9188-408B-BCC3-07518F35E418}.Release|x86.ActiveCfg = Release|Any CPU
		{7ED38721-9188-408B-BCC3-07518F35E418}.Release|x86.Build.0 = Release|Any CPU
		{BE3E0949-0430-421B-855A-0F9C1E48810C}.Debug|Any CPU.ActiveCfg = Debug|Any CPU
		{BE3E0949-0430-421B-855A-0F9C1E48810C}.Debug|Any CPU.Build.0 = Debug|Any CPU
		{BE3E0949-0430-421B-855A-0F9C1E48810C}.Debug|x64.ActiveCfg = Debug|Any CPU
		{BE3E0949-0430-421B-855A-0F9C1E48810C}.Debug|x64.Build.0 = Debug|Any CPU
		{BE3E0949-0430-421B-855A-0F9C1E48810C}.Debug|x86.ActiveCfg = Debug|Any CPU
		{BE3E0949-0430-421B-855A-0F9C1E48810C}.Debug|x86.Build.0 = Debug|Any CPU
		{BE3E0949-0430-421B-855A-0F9C1E48810C}.Release|Any CPU.ActiveCfg = Release|Any CPU
		{BE3E0949-0430-421B-855A-0F9C1E48810C}.Release|Any CPU.Build.0 = Release|Any CPU
		{BE3E0949-0430-421B-855A-0F9C1E48810C}.Release|x64.ActiveCfg = Release|Any CPU
		{BE3E0949-0430-421B-855A-0F9C1E48810C}.Release|x64.Build.0 = Release|Any CPU
		{BE3E0949-0430-421B-855A-0F9C1E48810C}.Release|x86.ActiveCfg = Release|Any CPU
		{BE3E0949-0430-421B-855A-0F9C1E48810C}.Release|x86.Build.0 = Release|Any CPU
	EndGlobalSection
EndGlobal
